
Microsoft Visual Studio Solution File, Format Version 12.00
# Visual Studio Version 17
VisualStudioVersion = 17.12.35707.178 d17.12
MinimumVisualStudioVersion = 10.0.40219.1
Project("{FAE04EC0-301F-11D3-BF4B-00C04F79EFBC}") = "svc-ai-vision-adapter", "svc-ai-vision-adapter\svc-ai-vision-adapter.csproj", "{D560298E-5DD2-4A9A-A911-B19C09E798B5}"
EndProject
Global
	GlobalSection(SolutionConfigurationPlatforms) = preSolution
		Debug|Any CPU = Debug|Any CPU
		Release|Any CPU = Release|Any CPU
	EndGlobalSection
	GlobalSection(ProjectConfigurationPlatforms) = postSolution
		{D560298E-5DD2-4A9A-A911-B19C09E798B5}.Debug|Any CPU.ActiveCfg = Debug|Any CPU
		{D560298E-5DD2-4A9A-A911-B19C09E798B5}.Debug|Any CPU.Build.0 = Debug|Any CPU
		{D560298E-5DD2-4A9A-A911-B19C09E798B5}.Release|Any CPU.ActiveCfg = Release|Any CPU
		{D560298E-5DD2-4A9A-A911-B19C09E798B5}.Release|Any CPU.Build.0 = Release|Any CPU
	EndGlobalSection
	GlobalSection(SolutionProperties) = preSolution
		HideSolutionNode = FALSE
	EndGlobalSection
EndGlobal
